Microsoft Visual Studio Solution File, Format Version 12.00
# Visual Studio 15
VisualStudioVersion = 15.0.27130.2026
MinimumVisualStudioVersion = 10.0.40219.1
Project("{F184B08F-C81C-45F6-A57F-5ABD9991F28F}") = "KEKESJAG00", "KE\KEKESJAG\KEKESJAG00\KEKESJAG00.vbproj", "{F41FE862-702A-4544-A96D-1ACF9DC7ED9F}"
	ProjectSection(ProjectDependencies) = postProject
		{DFEDE955-AA71-479F-9A99-63ADFF78B3B5} = {DFEDE955-AA71-479F-9A99-63ADFF78B3B5}
		{D1864169-F64B-4ED1-8840-CBB474A44BA3} = {D1864169-F64B-4ED1-8840-CBB474A44BA3}
	EndProjectSection
EndProject
Project("{F184B08F-C81C-45F6-A57F-5ABD9991F28F}") = "KETAIJAG00", "KE\KETAIJAG\KETAIJAG00\KETAIJAG00.vbproj", "{F3EED584-0448-4F53-B20A-19DEB53C4959}"
EndProject
Project("{F184B08F-C81C-45F6-A57F-5ABD9991F28F}") = "MSPUFJAG00", "MS\MSPUFJAG\MSPUFJAG00\MSPUFJAG00.vbproj", "{46DBCC74-7D8E-499C-9F4D-6BF67C606237}"
EndProject
Project("{F184B08F-C81C-45F6-A57F-5ABD9991F28F}") = "MSPULJAG00", "MS\MSPULJAG\MSPULJAG00\MSPULJAG00.vbproj", "{931B9052-01C5-4391-9FFA-A70DC897177D}"
EndProject
Project("{F184B08F-C81C-45F6-A57F-5ABD9991F28F}") = "MSTANJAG00", "MS\MSTANJAG\MSTANJAG00\MSTANJAG00.vbproj", "{9899F28D-27FB-47C9-96B5-221AB2BA5036}"
EndProject
Project("{F184B08F-C81C-45F6-A57F-5ABD9991F28F}") = "JPG", "JPG.vbproj", "{A62071F9-5A69-40BC-9B36-5DF08AA7602D}"
EndProject
Project("{F184B08F-C81C-45F6-A57F-5ABD9991F28F}") = "KERUIJOG00", "KE\KERUIJOG\KERUIJOG00\KERUIJOG00.vbproj", "{FDF35850-933F-4E7E-AD00-A9362A0C3BDE}"
EndProject
Project("{F184B08F-C81C-45F6-A57F-5ABD9991F28F}") = "COCOMONC00", "..\..\..\監視あんしん\共通部品\common\COCOMONC00\COCOMONC00.vbproj", "{0B6D8998-8FD4-4AFD-BA2E-DAAFCD73F119}"
EndProject
Project("{F184B08F-C81C-45F6-A57F-5ABD9991F28F}") = "COCNTRLL00", "..\..\..\監視あんしん\共通部品\jpgcommon\COCNTRLL00\COCNTRLL00.vbproj", "{D1864169-F64B-4ED1-8840-CBB474A44BA3}"
EndProject
Project("{F184B08F-C81C-45F6-A57F-5ABD9991F28F}") = "COCOLOGC00", "..\..\..\監視あんしん\共通部品\jpgcommon\COCOLOGC00\COCOLOGC00.vbproj", "{68610993-6DC5-4F9E-AEE1-AB8BEDB4A784}"
EndProject
Project("{F184B08F-C81C-45F6-A57F-5ABD9991F28F}") = "COCOMKNC00", "..\..\..\監視あんしん\共通部品\jpgcommon\COCOMKNC00\COCOMKNC00.vbproj", "{DFEDE955-AA71-479F-9A99-63ADFF78B3B5}"
EndProject
Project("{F184B08F-C81C-45F6-A57F-5ABD9991F28F}") = "COCONSTC00", "..\..\..\監視あんしん\共通部品\jpgcommon\COCONSTC00\COCONSTC00.vbproj", "{DF1ECD89-783B-4C1D-8B36-3CF5961CA09E}"
EndProject
Project("{F184B08F-C81C-45F6-A57F-5ABD9991F28F}") = "CODATABC00", "..\..\..\監視あんしん\共通部品\common\CODATABC00\CODATABC00.vbproj", "{88DEA65E-D7DF-4137-A00D-20C3E2BEDE36}"
EndProject
Project("{F184B08F-C81C-45F6-A57F-5ABD9991F28F}") = "MSTAFJAG00", "MS\MSTAFJAG\MSTAFJAG00\MSTAFJAG00.vbproj", "{E2522082-812B-4552-9574-1A7C5EF75314}"
EndProject
Project("{F184B08F-C81C-45F6-A57F-5ABD9991F28F}") = "KEJUKJAG00", "KE\KEJUKJAG\KEJUKJAG00\KEJUKJAG00.vbproj", "{F21BBA27-23DB-4BA0-8CB7-585FA0573D50}"
EndProject
Project("{F184B08F-C81C-45F6-A57F-5ABD9991F28F}") = "KEKEKJAG00", "KE\KEKEKJAG\KEKEKJAG00\KEKEKJAG00.vbproj", "{872C8534-D921-4AA7-91F1-E53BC7F2A1E3}"
EndProject
Project("{F184B08F-C81C-45F6-A57F-5ABD9991F28F}") = "MSKOSJAG00", "MS\MSKOSJAG\MSKOSJAG00\MSKOSJAG00.vbproj", "{7D6A5C8A-0C38-495E-8300-151D8BF58CB5}"
EndProject
Project("{F184B08F-C81C-45F6-A57F-5ABD9991F28F}") = "SYCTIJAG00", "SY\SYCTIJAG\SYCTIJAG00\SYCTIJAG00.vbproj", "{56A9108F-AB2C-4589-8742-D907FADF9760}"
EndProject
Project("{F184B08F-C81C-45F6-A57F-5ABD9991F28F}") = "SYHANJAG00", "SY\SYHANJAG\SYHANJAG00\SYHANJAG00.vbproj", "{08B7DA3C-2846-4DF6-876B-B3CE7B4734CD}"
EndProject
Project("{F184B08F-C81C-45F6-A57F-5ABD9991F28F}") = "SYBATJAG00", "SY\SYBATJAG\SYBATJAG00\SYBATJAG00.vbproj", "{C3561B3C-595A-4363-98A8-3B895FD2C825}"
EndProject
Project("{F184B08F-C81C-45F6-A57F-5ABD9991F28F}") = "SDLOGJAG00", "SD\SDLOGJAG\SDLOGJAG00\SDLOGJAG00.vbproj", "{EA852D40-2B33-4132-B229-5DB05A41AD79}"
EndProject
Project("{F184B08F-C81C-45F6-A57F-5ABD9991F28F}") = "SYDIKJAG00", "SY\SYDIKJAG\SYDIKJAG00\SYDIKJAG00.vbproj", "{9C1FC800-E11E-445C-85E5-628F62C9C584}"
EndProject
Project("{F184B08F-C81C-45F6-A57F-5ABD9991F28F}") = "KETAISYG00", "KE\KETAISYG\KETAISYG00\KETAISYG00.vbproj", "{D71E0C71-672A-49D6-B3A6-DB70E08AECF6}"
EndProject
Project("{F184B08F-C81C-45F6-A57F-5ABD9991F28F}") = "KEKANSYG00", "KE\KEKANSYG\KEKANSYG00\KEKANSYG00.vbproj", "{B864279C-B310-45DA-BE88-F4C3AF114CE4}"
EndProject
Project("{F184B08F-C81C-45F6-A57F-5ABD9991F28F}") = "MSTAJJAG00", "MS\MSTAJJAG\MSTAJJAG00\MSTAJJAG00.vbproj", "{49A3664F-F1FA-41A4-B7B9-CE167991D4B6}"
EndProject
Project("{F184B08F-C81C-45F6-A57F-5ABD9991F28F}") = "MSTAEJAG00", "MS\MSTAEJAG\MSTAEJAG00\MSTAEJAG00.vbproj", "{51B0F1A1-166B-4A32-A93E-5FC8F2FCCA28}"
EndProject
Project("{F184B08F-C81C-45F6-A57F-5ABD9991F28F}") = "SYGETJAG00", "SY\SYGETJAG\SYGETJAG00\SYGETJAG00.vbproj", "{271B7232-7D70-46A0-BC60-C3B5D329FFFF}"
EndProject
Project("{F184B08F-C81C-45F6-A57F-5ABD9991F28F}") = "MSTASJAG00", "MS\MSTASJAG\MSTASJAG00\MSTASJAG00.vbproj", "{7AF96BF1-9DAA-48F1-B798-41B2F6A26EE1}"
EndProject
Project("{F184B08F-C81C-45F6-A57F-5ABD9991F28F}") = "MSKYOJAG00", "MS\MSKYOJAG\MSKYOJAG00\MSKYOJAG00.vbproj", "{227ABCCD-DA06-4DB1-8E49-80DA6240872C}"
EndProject
Project("{F184B08F-C81C-45F6-A57F-5ABD9991F28F}") = "MSRUIJAG00", "MS\MSRUIJAG\MSRUIJAG00\MSRUIJAG00.vbproj", "{35E88999-0EE4-47CE-B74A-3D3EAD5F9DB0}"
EndProject
Project("{F184B08F-C81C-45F6-A57F-5ABD9991F28F}") = "MSTAKJAG00", "MS\MSTAKJAG\MSTAKJAG00\MSTAKJAG00.vbproj", "{B87EADA2-B53A-4259-897C-0F778B16869C}"
EndProject
Project("{F184B08F-C81C-45F6-A57F-5ABD9991F28F}") = "MSTALJAG00", "MS\MSTALJAG\MSTALJAG00\MSTALJAG00.vbproj", "{D6E9C218-8942-4CB6-8625-834E49DE277D}"
EndProject
Project("{F184B08F-C81C-45F6-A57F-5ABD9991F28F}") = "MSJINJAG00", "MS\MSJINJAG\MSJINJAG00\MSJINJAG00.vbproj", "{DFA31BC0-4C3C-4C7F-BFE6-805D32CA86DD}"
EndProject
Project("{F184B08F-C81C-45F6-A57F-5ABD9991F28F}") = "MSJIGJAG00", "MS\MSJIGJAG\MSJIGJAG00\MSJIGJAG00.vbproj", "{407E3BBF-458D-447C-A796-8381E19E8BBD}"
EndProject
Project("{F184B08F-C81C-45F6-A57F-5ABD9991F28F}") = "MSJAGJAG00", "MS\MSJAGJAG\MSJAGJAG00\MSJAGJAG00.vbproj", "{675835E5-817C-4239-85BE-4AAC20D99D32}"
EndProject
Project("{F184B08F-C81C-45F6-A57F-5ABD9991F28F}") = "MSHAGJAG00", "MS\MSHAGJAG\MSHAGJAG00\MSHAGJAG00.vbproj", "{2BB9A991-4686-456E-BC03-5824564E9A46}"
EndProject
Project("{F184B08F-C81C-45F6-A57F-5ABD9991F28F}") = "MSTAGJAG00", "MS\MSTAGJAG\MSTAGJAG00\MSTAGJAG00.vbproj", "{6D755BA7-027A-4C6D-A230-E6F98C0C00C6}"
EndProject
Project("{F184B08F-C81C-45F6-A57F-5ABD9991F28F}") = "MSTAHJAG00", "MS\MSTAHJAG\MSTAHJAG00\MSTAHJAG00.vbproj", "{8A7B24CE-54A0-4C96-AD00-D76AD92D34EB}"
EndProject
Project("{F184B08F-C81C-45F6-A57F-5ABD9991F28F}") = "SBMEIJAG00", "SB\SBMEIJAG\SBMEIJAG00\SBMEIJAG00.vbproj", "{8E82944C-9AFB-4D84-9CD5-8E53893C3B0D}"
EndProject
Project("{F184B08F-C81C-45F6-A57F-5ABD9991F28F}") = "SBMEOJAG00", "SB\SBMEOJAG\SBMEOJAG00\SBMEOJAG00.vbproj", "{68FCCD4E-F7AD-4A20-A62A-EDA895881799}"
EndProject
Project("{F184B08F-C81C-45F6-A57F-5ABD9991F28F}") = "MSHATJAG00", "MS\MSHATJAG\MSHATJAG00\MSHATJAG00.vbproj", "{261C8A89-D6E0-48EC-94B8-A2411A958CC5}"
EndProject
Project("{F184B08F-C81C-45F6-A57F-5ABD9991F28F}") = "KESAIJAG00", "KE\KESAIJAG\KESAIJAG00\KESAIJAG00.vbproj", "{34A473B9-619E-4A8E-9E78-F2B27C060366}"
EndProject
Global
	GlobalSection(SolutionConfigurationPlatforms) = preSolution
		Debug|Any CPU = Debug|Any CPU
		Release|Any CPU = Release|Any CPU
	EndGlobalSection
	GlobalSection(ProjectConfigurationPlatforms) = postSolution
		{F41FE862-702A-4544-A96D-1ACF9DC7ED9F}.Debug|Any CPU.ActiveCfg = Debug|Any CPU
		{F41FE862-702A-4544-A96D-1ACF9DC7ED9F}.Debug|Any CPU.Build.0 = Debug|Any CPU
		{F41FE862-702A-4544-A96D-1ACF9DC7ED9F}.Release|Any CPU.ActiveCfg = Release|Any CPU
		{F41FE862-702A-4544-A96D-1ACF9DC7ED9F}.Release|Any CPU.Build.0 = Release|Any CPU
		{F3EED584-0448-4F53-B20A-19DEB53C4959}.Debug|Any CPU.ActiveCfg = Debug|Any CPU
		{F3EED584-0448-4F53-B20A-19DEB53C4959}.Debug|Any CPU.Build.0 = Debug|Any CPU
		{F3EED584-0448-4F53-B20A-19DEB53C4959}.Release|Any CPU.ActiveCfg = Release|Any CPU
		{F3EED584-0448-4F53-B20A-19DEB53C4959}.Release|Any CPU.Build.0 = Release|Any CPU
		{46DBCC74-7D8E-499C-9F4D-6BF67C606237}.Debug|Any CPU.ActiveCfg = Debug|Any CPU
		{46DBCC74-7D8E-499C-9F4D-6BF67C606237}.Debug|Any CPU.Build.0 = Debug|Any CPU
		{46DBCC74-7D8E-499C-9F4D-6BF67C606237}.Release|Any CPU.ActiveCfg = Release|Any CPU
		{46DBCC74-7D8E-499C-9F4D-6BF67C606237}.Release|Any CPU.Build.0 = Release|Any CPU
		{931B9052-01C5-4391-9FFA-A70DC897177D}.Debug|Any CPU.ActiveCfg = Debug|Any CPU
		{931B9052-01C5-4391-9FFA-A70DC897177D}.Debug|Any CPU.Build.0 = Debug|Any CPU
		{931B9052-01C5-4391-9FFA-A70DC897177D}.Release|Any CPU.ActiveCfg = Release|Any CPU
		{931B9052-01C5-4391-9FFA-A70DC897177D}.Release|Any CPU.Build.0 = Release|Any CPU
		{9899F28D-27FB-47C9-96B5-221AB2BA5036}.Debug|Any CPU.ActiveCfg = Debug|Any CPU
		{9899F28D-27FB-47C9-96B5-221AB2BA5036}.Debug|Any CPU.Build.0 = Debug|Any CPU
		{9899F28D-27FB-47C9-96B5-221AB2BA5036}.Release|Any CPU.ActiveCfg = Release|Any CPU
		{9899F28D-27FB-47C9-96B5-221AB2BA5036}.Release|Any CPU.Build.0 = Release|Any CPU
		{A62071F9-5A69-40BC-9B36-5DF08AA7602D}.Debug|Any CPU.ActiveCfg = Debug|Any CPU
		{A62071F9-5A69-40BC-9B36-5DF08AA7602D}.Debug|Any CPU.Build.0 = Debug|Any CPU
		{A62071F9-5A69-40BC-9B36-5DF08AA7602D}.Release|Any CPU.ActiveCfg = Release|Any CPU
		{A62071F9-5A69-40BC-9B36-5DF08AA7602D}.Release|Any CPU.Build.0 = Release|Any CPU
		{FDF35850-933F-4E7E-AD00-A9362A0C3BDE}.Debug|Any CPU.ActiveCfg = Debug|Any CPU
		{FDF35850-933F-4E7E-AD00-A9362A0C3BDE}.Debug|Any CPU.Build.0 = Debug|Any CPU
		{FDF35850-933F-4E7E-AD00-A9362A0C3BDE}.Release|Any CPU.ActiveCfg = Release|Any CPU
		{FDF35850-933F-4E7E-AD00-A9362A0C3BDE}.Release|Any CPU.Build.0 = Release|Any CPU
		{0B6D8998-8FD4-4AFD-BA2E-DAAFCD73F119}.Debug|Any CPU.ActiveCfg = Debug|Any CPU
		{0B6D8998-8FD4-4AFD-BA2E-DAAFCD73F119}.Debug|Any CPU.Build.0 = Debug|Any CPU
		{0B6D8998-8FD4-4AFD-BA2E-DAAFCD73F119}.Release|Any CPU.ActiveCfg = Release|Any CPU
		{0B6D8998-8FD4-4AFD-BA2E-DAAFCD73F119}.Release|Any CPU.Build.0 = Release|Any CPU
		{D1864169-F64B-4ED1-8840-CBB474A44BA3}.Debug|Any CPU.ActiveCfg = Debug|Any CPU
		{D1864169-F64B-4ED1-8840-CBB474A44BA3}.Debug|Any CPU.Build.0 = Debug|Any CPU
		{D1864169-F64B-4ED1-8840-CBB474A44BA3}.Release|Any CPU.ActiveCfg = Release|Any CPU
		{D1864169-F64B-4ED1-8840-CBB474A44BA3}.Release|Any CPU.Build.0 = Release|Any CPU
		{68610993-6DC5-4F9E-AEE1-AB8BEDB4A784}.Debug|Any CPU.ActiveCfg = Debug|Any CPU
		{68610993-6DC5-4F9E-AEE1-AB8BEDB4A784}.Debug|Any CPU.Build.0 = Debug|Any CPU
		{68610993-6DC5-4F9E-AEE1-AB8BEDB4A784}.Release|Any CPU.ActiveCfg = Release|Any CPU
		{68610993-6DC5-4F9E-AEE1-AB8BEDB4A784}.Release|Any CPU.Build.0 = Release|Any CPU
		{DFEDE955-AA71-479F-9A99-63ADFF78B3B5}.Debug|Any CPU.ActiveCfg = Debug|Any CPU
		{DFEDE955-AA71-479F-9A99-63ADFF78B3B5}.Debug|Any CPU.Build.0 = Debug|Any CPU
		{DFEDE955-AA71-479F-9A99-63ADFF78B3B5}.Release|Any CPU.ActiveCfg = Release|Any CPU
		{DFEDE955-AA71-479F-9A99-63ADFF78B3B5}.Release|Any CPU.Build.0 = Release|Any CPU
		{DF1ECD89-783B-4C1D-8B36-3CF5961CA09E}.Debug|Any CPU.ActiveCfg = Debug|Any CPU
		{DF1ECD89-783B-4C1D-8B36-3CF5961CA09E}.Debug|Any CPU.Build.0 = Debug|Any CPU
		{DF1ECD89-783B-4C1D-8B36-3CF5961CA09E}.Release|Any CPU.ActiveCfg = Release|Any CPU
		{DF1ECD89-783B-4C1D-8B36-3CF5961CA09E}.Release|Any CPU.Build.0 = Release|Any CPU
		{88DEA65E-D7DF-4137-A00D-20C3E2BEDE36}.Debug|Any CPU.ActiveCfg = Debug|Any CPU
		{88DEA65E-D7DF-4137-A00D-20C3E2BEDE36}.Debug|Any CPU.Build.0 = Debug|Any CPU
		{88DEA65E-D7DF-4137-A00D-20C3E2BEDE36}.Release|Any CPU.ActiveCfg = Release|Any CPU
		{88DEA65E-D7DF-4137-A00D-20C3E2BEDE36}.Release|Any CPU.Build.0 = Release|Any CPU
		{E2522082-812B-4552-9574-1A7C5EF75314}.Debug|Any CPU.ActiveCfg = Debug|Any CPU
		{E2522082-812B-4552-9574-1A7C5EF75314}.Debug|Any CPU.Build.0 = Debug|Any CPU
		{E2522082-812B-4552-9574-1A7C5EF75314}.Release|Any CPU.ActiveCfg = Release|Any CPU
		{E2522082-812B-4552-9574-1A7C5EF75314}.Release|Any CPU.Build.0 = Release|Any CPU
		{F21BBA27-23DB-4BA0-8CB7-585FA0573D50}.Debug|Any CPU.ActiveCfg = Debug|Any CPU
		{F21BBA27-23DB-4BA0-8CB7-585FA0573D50}.Debug|Any CPU.Build.0 = Debug|Any CPU
		{F21BBA27-23DB-4BA0-8CB7-585FA0573D50}.Release|Any CPU.ActiveCfg = Release|Any CPU
		{F21BBA27-23DB-4BA0-8CB7-585FA0573D50}.Release|Any CPU.Build.0 = Release|Any CPU
		{872C8534-D921-4AA7-91F1-E53BC7F2A1E3}.Debug|Any CPU.ActiveCfg = Debug|Any CPU
		{872C8534-D921-4AA7-91F1-E53BC7F2A1E3}.Debug|Any CPU.Build.0 = Debug|Any CPU
		{872C8534-D921-4AA7-91F1-E53BC7F2A1E3}.Release|Any CPU.ActiveCfg = Release|Any CPU
		{872C8534-D921-4AA7-91F1-E53BC7F2A1E3}.Release|Any CPU.Build.0 = Release|Any CPU
		{7D6A5C8A-0C38-495E-8300-151D8BF58CB5}.Debug|Any CPU.ActiveCfg = Debug|Any CPU
		{7D6A5C8A-0C38-495E-8300-151D8BF58CB5}.Debug|Any CPU.Build.0 = Debug|Any CPU
		{7D6A5C8A-0C38-495E-8300-151D8BF58CB5}.Release|Any CPU.ActiveCfg = Release|Any CPU
		{7D6A5C8A-0C38-495E-8300-151D8BF58CB5}.Release|Any CPU.Build.0 = Release|Any CPU
		{56A9108F-AB2C-4589-8742-D907FADF9760}.Debug|Any CPU.ActiveCfg = Debug|Any CPU
		{56A9108F-AB2C-4589-8742-D907FADF9760}.Debug|Any CPU.Build.0 = Debug|Any CPU
		{56A9108F-AB2C-4589-8742-D907FADF9760}.Release|Any CPU.ActiveCfg = Release|Any CPU
		{56A9108F-AB2C-4589-8742-D907FADF9760}.Release|Any CPU.Build.0 = Release|Any CPU
		{08B7DA3C-2846-4DF6-876B-B3CE7B4734CD}.Debug|Any CPU.ActiveCfg = Debug|Any CPU
		{08B7DA3C-2846-4DF6-876B-B3CE7B4734CD}.Debug|Any CPU.Build.0 = Debug|Any CPU
		{08B7DA3C-2846-4DF6-876B-B3CE7B4734CD}.Release|Any CPU.ActiveCfg = Release|Any CPU
		{08B7DA3C-2846-4DF6-876B-B3CE7B4734CD}.Release|Any CPU.Build.0 = Release|Any CPU
		{C3561B3C-595A-4363-98A8-3B895FD2C825}.Debug|Any CPU.ActiveCfg = Debug|Any CPU
		{C3561B3C-595A-4363-98A8-3B895FD2C825}.Debug|Any CPU.Build.0 = Debug|Any CPU
		{C3561B3C-595A-4363-98A8-3B895FD2C825}.Release|Any CPU.ActiveCfg = Release|Any CPU
		{C3561B3C-595A-4363-98A8-3B895FD2C825}.Release|Any CPU.Build.0 = Release|Any CPU
		{EA852D40-2B33-4132-B229-5DB05A41AD79}.Debug|Any CPU.ActiveCfg = Debug|Any CPU
		{EA852D40-2B33-4132-B229-5DB05A41AD79}.Debug|Any CPU.Build.0 = Debug|Any CPU
		{EA852D40-2B33-4132-B229-5DB05A41AD79}.Release|Any CPU.ActiveCfg = Release|Any CPU
		{EA852D40-2B33-4132-B229-5DB05A41AD79}.Release|Any CPU.Build.0 = Release|Any CPU
		{9C1FC800-E11E-445C-85E5-628F62C9C584}.Debug|Any CPU.ActiveCfg = Debug|Any CPU
		{9C1FC800-E11E-445C-85E5-628F62C9C584}.Debug|Any CPU.Build.0 = Debug|Any CPU
		{9C1FC800-E11E-445C-85E5-628F62C9C584}.Release|Any CPU.ActiveCfg = Release|Any CPU
		{9C1FC800-E11E-445C-85E5-628F62C9C584}.Release|Any CPU.Build.0 = Release|Any CPU
		{D71E0C71-672A-49D6-B3A6-DB70E08AECF6}.Debug|Any CPU.ActiveCfg = Debug|Any CPU
		{D71E0C71-672A-49D6-B3A6-DB70E08AECF6}.Debug|Any CPU.Build.0 = Debug|Any CPU
		{D71E0C71-672A-49D6-B3A6-DB70E08AECF6}.Release|Any CPU.ActiveCfg = Release|Any CPU
		{D71E0C71-672A-49D6-B3A6-DB70E08AECF6}.Release|Any CPU.Build.0 = Release|Any CPU
		{B864279C-B310-45DA-BE88-F4C3AF114CE4}.Debug|Any CPU.ActiveCfg = Debug|Any CPU
		{B864279C-B310-45DA-BE88-F4C3AF114CE4}.Debug|Any CPU.Build.0 = Debug|Any CPU
		{B864279C-B310-45DA-BE88-F4C3AF114CE4}.Release|Any CPU.ActiveCfg = Release|Any CPU
		{B864279C-B310-45DA-BE88-F4C3AF114CE4}.Release|Any CPU.Build.0 = Release|Any CPU
		{49A3664F-F1FA-41A4-B7B9-CE167991D4B6}.Debug|Any CPU.ActiveCfg = Debug|Any CPU
		{49A3664F-F1FA-41A4-B7B9-CE167991D4B6}.Debug|Any CPU.Build.0 = Debug|Any CPU
		{49A3664F-F1FA-41A4-B7B9-CE167991D4B6}.Release|Any CPU.ActiveCfg = Release|Any CPU
		{49A3664F-F1FA-41A4-B7B9-CE167991D4B6}.Release|Any CPU.Build.0 = Release|Any CPU
		{51B0F1A1-166B-4A32-A93E-5FC8F2FCCA28}.Debug|Any CPU.ActiveCfg = Debug|Any CPU
		{51B0F1A1-166B-4A32-A93E-5FC8F2FCCA28}.Debug|Any CPU.Build.0 = Debug|Any CPU
		{51B0F1A1-166B-4A32-A93E-5FC8F2FCCA28}.Release|Any CPU.ActiveCfg = Release|Any CPU
		{51B0F1A1-166B-4A32-A93E-5FC8F2FCCA28}.Release|Any CPU.Build.0 = Release|Any CPU
		{271B7232-7D70-46A0-BC60-C3B5D329FFFF}.Debug|Any CPU.ActiveCfg = Debug|Any CPU
		{271B7232-7D70-46A0-BC60-C3B5D329FFFF}.Debug|Any CPU.Build.0 = Debug|Any CPU
		{271B7232-7D70-46A0-BC60-C3B5D329FFFF}.Release|Any CPU.ActiveCfg = Release|Any CPU
		{271B7232-7D70-46A0-BC60-C3B5D329FFFF}.Release|Any CPU.Build.0 = Release|Any CPU
		{7AF96BF1-9DAA-48F1-B798-41B2F6A26EE1}.Debug|Any CPU.ActiveCfg = Debug|Any CPU
		{7AF96BF1-9DAA-48F1-B798-41B2F6A26EE1}.Debug|Any CPU.Build.0 = Debug|Any CPU
		{7AF96BF1-9DAA-48F1-B798-41B2F6A26EE1}.Release|Any CPU.ActiveCfg = Release|Any CPU
		{7AF96BF1-9DAA-48F1-B798-41B2F6A26EE1}.Release|Any CPU.Build.0 = Release|Any CPU
		{227ABCCD-DA06-4DB1-8E49-80DA6240872C}.Debug|Any CPU.ActiveCfg = Debug|Any CPU
		{227ABCCD-DA06-4DB1-8E49-80DA6240872C}.Debug|Any CPU.Build.0 = Debug|Any CPU
		{227ABCCD-DA06-4DB1-8E49-80DA6240872C}.Release|Any CPU.ActiveCfg = Release|Any CPU
		{227ABCCD-DA06-4DB1-8E49-80DA6240872C}.Release|Any CPU.Build.0 = Release|Any CPU
		{35E88999-0EE4-47CE-B74A-3D3EAD5F9DB0}.Debug|Any CPU.ActiveCfg = Debug|Any CPU
		{35E88999-0EE4-47CE-B74A-3D3EAD5F9DB0}.Debug|Any CPU.Build.0 = Debug|Any CPU
		{35E88999-0EE4-47CE-B74A-3D3EAD5F9DB0}.Release|Any CPU.ActiveCfg = Release|Any CPU
		{35E88999-0EE4-47CE-B74A-3D3EAD5F9DB0}.Release|Any CPU.Build.0 = Release|Any CPU
		{B87EADA2-B53A-4259-897C-0F778B16869C}.Debug|Any CPU.ActiveCfg = Debug|Any CPU
		{B87EADA2-B53A-4259-897C-0F778B16869C}.Debug|Any CPU.Build.0 = Debug|Any CPU
		{B87EADA2-B53A-4259-897C-0F778B16869C}.Release|Any CPU.ActiveCfg = Release|Any CPU
		{B87EADA2-B53A-4259-897C-0F778B16869C}.Release|Any CPU.Build.0 = Release|Any CPU
		{D6E9C218-8942-4CB6-8625-834E49DE277D}.Debug|Any CPU.ActiveCfg = Debug|Any CPU
		{D6E9C218-8942-4CB6-8625-834E49DE277D}.Debug|Any CPU.Build.0 = Debug|Any CPU
		{D6E9C218-8942-4CB6-8625-834E49DE277D}.Release|Any CPU.ActiveCfg = Release|Any CPU
		{D6E9C218-8942-4CB6-8625-834E49DE277D}.Release|Any CPU.Build.0 = Release|Any CPU
		{DFA31BC0-4C3C-4C7F-BFE6-805D32CA86DD}.Debug|Any CPU.ActiveCfg = Debug|Any CPU
		{DFA31BC0-4C3C-4C7F-BFE6-805D32CA86DD}.Debug|Any CPU.Build.0 = Debug|Any CPU
		{DFA31BC0-4C3C-4C7F-BFE6-805D32CA86DD}.Release|Any CPU.ActiveCfg = Release|Any CPU
		{DFA31BC0-4C3C-4C7F-BFE6-805D32CA86DD}.Release|Any CPU.Build.0 = Release|Any CPU
		{407E3BBF-458D-447C-A796-8381E19E8BBD}.Debug|Any CPU.ActiveCfg = Debug|Any CPU
		{407E3BBF-458D-447C-A796-8381E19E8BBD}.Debug|Any CPU.Build.0 = Debug|Any CPU
		{407E3BBF-458D-447C-A796-8381E19E8BBD}.Release|Any CPU.ActiveCfg = Release|Any CPU
		{407E3BBF-458D-447C-A796-8381E19E8BBD}.Release|Any CPU.Build.0 = Release|Any CPU
		{675835E5-817C-4239-85BE-4AAC20D99D32}.Debug|Any CPU.ActiveCfg = Debug|Any CPU
		{675835E5-817C-4239-85BE-4AAC20D99D32}.Debug|Any CPU.Build.0 = Debug|Any CPU
		{675835E5-817C-4239-85BE-4AAC20D99D32}.Release|Any CPU.ActiveCfg = Release|Any CPU
		{675835E5-817C-4239-85BE-4AAC20D99D32}.Release|Any CPU.Build.0 = Release|Any CPU
		{2BB9A991-4686-456E-BC03-5824564E9A46}.Debug|Any CPU.ActiveCfg = Debug|Any CPU
		{2BB9A991-4686-456E-BC03-5824564E9A46}.Debug|Any CPU.Build.0 = Debug|Any CPU
		{2BB9A991-4686-456E-BC03-5824564E9A46}.Release|Any CPU.ActiveCfg = Release|Any CPU
		{2BB9A991-4686-456E-BC03-5824564E9A46}.Release|Any CPU.Build.0 = Release|Any CPU
		{6D755BA7-027A-4C6D-A230-E6F98C0C00C6}.Debug|Any CPU.ActiveCfg = Debug|Any CPU
		{6D755BA7-027A-4C6D-A230-E6F98C0C00C6}.Debug|Any CPU.Build.0 = Debug|Any CPU
		{6D755BA7-027A-4C6D-A230-E6F98C0C00C6}.Release|Any CPU.ActiveCfg = Release|Any CPU
		{6D755BA7-027A-4C6D-A230-E6F98C0C00C6}.Release|Any CPU.Build.0 = Release|Any CPU
		{8A7B24CE-54A0-4C96-AD00-D76AD92D34EB}.Debug|Any CPU.ActiveCfg = Debug|Any CPU
		{8A7B24CE-54A0-4C96-AD00-D76AD92D34EB}.Debug|Any CPU.Build.0 = Debug|Any CPU
		{8A7B24CE-54A0-4C96-AD00-D76AD92D34EB}.Release|Any CPU.ActiveCfg = Release|Any CPU
		{8A7B24CE-54A0-4C96-AD00-D76AD92D34EB}.Release|Any CPU.Build.0 = Release|Any CPU
		{8E82944C-9AFB-4D84-9CD5-8E53893C3B0D}.Debug|Any CPU.ActiveCfg = Debug|Any CPU
		{8E82944C-9AFB-4D84-9CD5-8E53893C3B0D}.Debug|Any CPU.Build.0 = Debug|Any CPU
		{8E82944C-9AFB-4D84-9CD5-8E53893C3B0D}.Release|Any CPU.ActiveCfg = Release|Any CPU
		{8E82944C-9AFB-4D84-9CD5-8E53893C3B0D}.Release|Any CPU.Build.0 = Release|Any CPU
		{68FCCD4E-F7AD-4A20-A62A-EDA895881799}.Debug|Any CPU.ActiveCfg = Debug|Any CPU
		{68FCCD4E-F7AD-4A20-A62A-EDA895881799}.Debug|Any CPU.Build.0 = Debug|Any CPU
		{68FCCD4E-F7AD-4A20-A62A-EDA895881799}.Release|Any CPU.ActiveCfg = Release|Any CPU
		{68FCCD4E-F7AD-4A20-A62A-EDA895881799}.Release|Any CPU.Build.0 = Release|Any CPU
		{261C8A89-D6E0-48EC-94B8-A2411A958CC5}.Debug|Any CPU.ActiveCfg = Debug|Any CPU
		{261C8A89-D6E0-48EC-94B8-A2411A958CC5}.Debug|Any CPU.Build.0 = Debug|Any CPU
		{261C8A89-D6E0-48EC-94B8-A2411A958CC5}.Release|Any CPU.ActiveCfg = Release|Any CPU
		{261C8A89-D6E0-48EC-94B8-A2411A958CC5}.Release|Any CPU.Build.0 = Release|Any CPU
		{34A473B9-619E-4A8E-9E78-F2B27C060366}.Debug|Any CPU.ActiveCfg = Debug|Any CPU
		{34A473B9-619E-4A8E-9E78-F2B27C060366}.Debug|Any CPU.Build.0 = Debug|Any CPU
		{34A473B9-619E-4A8E-9E78-F2B27C060366}.Release|Any CPU.ActiveCfg = Release|Any CPU
		{34A473B9-619E-4A8E-9E78-F2B27C060366}.Release|Any CPU.Build.0 = Release|Any CPU
	EndGlobalSection
	GlobalSection(SolutionProperties) = preSolution
		HideSolutionNode = FALSE
	EndGlobalSection
	GlobalSection(ExtensibilityGlobals) = postSolution
		SolutionGuid = {8BE591C5-56F6-4944-B347-C7F07E776ECF}
	EndGlobalSection
EndGlobal
