Microsoft Visual Studio Solution File, Format Version 8.00
Project("{F184B08F-C81C-45F6-A57F-5ABD9991F28F}") = "KEKEKJAG00", "http://knwwwsv/JPG/KE/KEKEKJAG/KEKEKJAG00/KEKEKJAG00.vbproj", "{872C8534-D921-4AA7-91F1-E53BC7F2A1E3}"
	ProjectSection(ProjectDependencies) = postProject
	EndProjectSection
EndProject
Global
	GlobalSection(SolutionConfiguration) = preSolution
		Debug = Debug
		Release = Release
	EndGlobalSection
	GlobalSection(ProjectConfiguration) = postSolution
		{872C8534-D921-4AA7-91F1-E53BC7F2A1E3}.Debug.ActiveCfg = Debug|.NET
		{872C8534-D921-4AA7-91F1-E53BC7F2A1E3}.Debug.Build.0 = Debug|.NET
		{872C8534-D921-4AA7-91F1-E53BC7F2A1E3}.Release.ActiveCfg = Release|.NET
		{872C8534-D921-4AA7-91F1-E53BC7F2A1E3}.Release.Build.0 = Release|.NET
	EndGlobalSection
	GlobalSection(ExtensibilityGlobals) = postSolution
	EndGlobalSection
	GlobalSection(ExtensibilityAddIns) = postSolution
	EndGlobalSection
EndGlobal
