Microsoft Visual Studio Solution File, Format Version 12.00
# Visual Studio 15
VisualStudioVersion = 15.0.27130.2026
MinimumVisualStudioVersion = 10.0.40219.1
Project("{F184B08F-C81C-45F6-A57F-5ABD9991F28F}") = "JPSD", "JPSD.vbproj", "{973E949A-9E83-4CCA-9B3D-DC12A95881CA}"
EndProject
Project("{F184B08F-C81C-45F6-A57F-5ABD9991F28F}") = "SDLSTJAG00", "SD\SDLSTJAG\SDLSTJAG00\SDLSTJAG00.vbproj", "{89827897-1F65-468E-9081-CAB3C9756EBD}"
EndProject
Project("{F184B08F-C81C-45F6-A57F-5ABD9991F28F}") = "SDSYUJAG00", "SD\SDSYUJAG\SDSYUJAG00\SDSYUJAG00.vbproj", "{E333E752-BD36-464D-BF33-BDB6A6CE4DF2}"
EndProject
Project("{F184B08F-C81C-45F6-A57F-5ABD9991F28F}") = "COCNTRLL00", "..\..\..\監視あんしん\共通部品\jpgcommon\COCNTRLL00\COCNTRLL00.vbproj", "{D1864169-F64B-4ED1-8840-CBB474A44BA3}"
EndProject
Project("{F184B08F-C81C-45F6-A57F-5ABD9991F28F}") = "COCOLOGC00", "..\..\..\監視あんしん\共通部品\jpgcommon\COCOLOGC00\COCOLOGC00.vbproj", "{68610993-6DC5-4F9E-AEE1-AB8BEDB4A784}"
EndProject
Project("{F184B08F-C81C-45F6-A57F-5ABD9991F28F}") = "COCONSTC00", "..\..\..\監視あんしん\共通部品\jpgcommon\COCONSTC00\COCONSTC00.vbproj", "{DF1ECD89-783B-4C1D-8B36-3CF5961CA09E}"
EndProject
Project("{F184B08F-C81C-45F6-A57F-5ABD9991F28F}") = "COCOMONC00", "..\..\..\監視あんしん\共通部品\common\COCOMONC00\COCOMONC00.vbproj", "{0B6D8998-8FD4-4AFD-BA2E-DAAFCD73F119}"
EndProject
Project("{F184B08F-C81C-45F6-A57F-5ABD9991F28F}") = "COCOMKNC00", "..\..\..\監視あんしん\共通部品\jpgcommon\COCOMKNC00\COCOMKNC00.vbproj", "{DFEDE955-AA71-479F-9A99-63ADFF78B3B5}"
EndProject
Global
	GlobalSection(SolutionConfigurationPlatforms) = preSolution
		Debug|Any CPU = Debug|Any CPU
		Release|Any CPU = Release|Any CPU
	EndGlobalSection
	GlobalSection(ProjectConfigurationPlatforms) = postSolution
		{973E949A-9E83-4CCA-9B3D-DC12A95881CA}.Debug|Any CPU.ActiveCfg = Debug|Any CPU
		{973E949A-9E83-4CCA-9B3D-DC12A95881CA}.Debug|Any CPU.Build.0 = Debug|Any CPU
		{973E949A-9E83-4CCA-9B3D-DC12A95881CA}.Release|Any CPU.ActiveCfg = Release|Any CPU
		{973E949A-9E83-4CCA-9B3D-DC12A95881CA}.Release|Any CPU.Build.0 = Release|Any CPU
		{89827897-1F65-468E-9081-CAB3C9756EBD}.Debug|Any CPU.ActiveCfg = Debug|Any CPU
		{89827897-1F65-468E-9081-CAB3C9756EBD}.Debug|Any CPU.Build.0 = Debug|Any CPU
		{89827897-1F65-468E-9081-CAB3C9756EBD}.Release|Any CPU.ActiveCfg = Release|Any CPU
		{89827897-1F65-468E-9081-CAB3C9756EBD}.Release|Any CPU.Build.0 = Release|Any CPU
		{E333E752-BD36-464D-BF33-BDB6A6CE4DF2}.Debug|Any CPU.ActiveCfg = Debug|Any CPU
		{E333E752-BD36-464D-BF33-BDB6A6CE4DF2}.Debug|Any CPU.Build.0 = Debug|Any CPU
		{E333E752-BD36-464D-BF33-BDB6A6CE4DF2}.Release|Any CPU.ActiveCfg = Release|Any CPU
		{E333E752-BD36-464D-BF33-BDB6A6CE4DF2}.Release|Any CPU.Build.0 = Release|Any CPU
		{D1864169-F64B-4ED1-8840-CBB474A44BA3}.Debug|Any CPU.ActiveCfg = Debug|Any CPU
		{D1864169-F64B-4ED1-8840-CBB474A44BA3}.Debug|Any CPU.Build.0 = Debug|Any CPU
		{D1864169-F64B-4ED1-8840-CBB474A44BA3}.Release|Any CPU.ActiveCfg = Release|Any CPU
		{D1864169-F64B-4ED1-8840-CBB474A44BA3}.Release|Any CPU.Build.0 = Release|Any CPU
		{68610993-6DC5-4F9E-AEE1-AB8BEDB4A784}.Debug|Any CPU.ActiveCfg = Debug|Any CPU
		{68610993-6DC5-4F9E-AEE1-AB8BEDB4A784}.Debug|Any CPU.Build.0 = Debug|Any CPU
		{68610993-6DC5-4F9E-AEE1-AB8BEDB4A784}.Release|Any CPU.ActiveCfg = Release|Any CPU
		{68610993-6DC5-4F9E-AEE1-AB8BEDB4A784}.Release|Any CPU.Build.0 = Release|Any CPU
		{DF1ECD89-783B-4C1D-8B36-3CF5961CA09E}.Debug|Any CPU.ActiveCfg = Debug|Any CPU
		{DF1ECD89-783B-4C1D-8B36-3CF5961CA09E}.Debug|Any CPU.Build.0 = Debug|Any CPU
		{DF1ECD89-783B-4C1D-8B36-3CF5961CA09E}.Release|Any CPU.ActiveCfg = Release|Any CPU
		{DF1ECD89-783B-4C1D-8B36-3CF5961CA09E}.Release|Any CPU.Build.0 = Release|Any CPU
		{0B6D8998-8FD4-4AFD-BA2E-DAAFCD73F119}.Debug|Any CPU.ActiveCfg = Debug|Any CPU
		{0B6D8998-8FD4-4AFD-BA2E-DAAFCD73F119}.Debug|Any CPU.Build.0 = Debug|Any CPU
		{0B6D8998-8FD4-4AFD-BA2E-DAAFCD73F119}.Release|Any CPU.ActiveCfg = Release|Any CPU
		{0B6D8998-8FD4-4AFD-BA2E-DAAFCD73F119}.Release|Any CPU.Build.0 = Release|Any CPU
		{DFEDE955-AA71-479F-9A99-63ADFF78B3B5}.Debug|Any CPU.ActiveCfg = Debug|Any CPU
		{DFEDE955-AA71-479F-9A99-63ADFF78B3B5}.Debug|Any CPU.Build.0 = Debug|Any CPU
		{DFEDE955-AA71-479F-9A99-63ADFF78B3B5}.Release|Any CPU.ActiveCfg = Release|Any CPU
		{DFEDE955-AA71-479F-9A99-63ADFF78B3B5}.Release|Any CPU.Build.0 = Release|Any CPU
	EndGlobalSection
	GlobalSection(SolutionProperties) = preSolution
		HideSolutionNode = FALSE
	EndGlobalSection
	GlobalSection(ExtensibilityGlobals) = postSolution
		SolutionGuid = {CE2AB73D-CD3E-4FA4-85D8-FD944099097C}
	EndGlobalSection
EndGlobal
