Microsoft Visual Studio Solution File, Format Version 12.00
# Visual Studio 15
VisualStudioVersion = 15.0.27130.2026
MinimumVisualStudioVersion = 10.0.40219.1
Project("{F184B08F-C81C-45F6-A57F-5ABD9991F28F}") = "JPGAP", "JPGAP.vbproj", "{981C1B18-887E-4730-A095-4F17ACA0DF2D}"
	ProjectSection(ProjectDependencies) = postProject
		{F451C13E-6550-499D-9C7C-B15A7ACE2770} = {F451C13E-6550-499D-9C7C-B15A7ACE2770}
		{9B41044B-A8AD-4738-9ABA-7F205C3BCE6B} = {9B41044B-A8AD-4738-9ABA-7F205C3BCE6B}
		{518986AA-0FEF-4636-A265-5199496450B6} = {518986AA-0FEF-4636-A265-5199496450B6}
		{ADAEFDB2-08E7-4BF1-8C94-36D595522CE6} = {ADAEFDB2-08E7-4BF1-8C94-36D595522CE6}
		{A44033CF-02C7-4A09-BCE6-B27C0298E80F} = {A44033CF-02C7-4A09-BCE6-B27C0298E80F}
		{5FA12DE8-DF87-448A-8C34-7178A6756AD9} = {5FA12DE8-DF87-448A-8C34-7178A6756AD9}
		{897E2DF9-FF14-4449-BF77-F03C5A8E3DD8} = {897E2DF9-FF14-4449-BF77-F03C5A8E3DD8}
	EndProjectSection
EndProject
Project("{F184B08F-C81C-45F6-A57F-5ABD9991F28F}") = "COCOMONW00", "CO\COCOMONW\COCOMONW00\COCOMONW00.vbproj", "{5FA12DE8-DF87-448A-8C34-7178A6756AD9}"
EndProject
Project("{F184B08F-C81C-45F6-A57F-5ABD9991F28F}") = "MSTANJAW00", "MS\MSTANJAW\MSTANJAW00\MSTANJAW00.vbproj", "{518986AA-0FEF-4636-A265-5199496450B6}"
EndProject
Project("{F184B08F-C81C-45F6-A57F-5ABD9991F28F}") = "MSPULJAW00", "MS\MSPULJAW\MSPULJAW00\MSPULJAW00.vbproj", "{F451C13E-6550-499D-9C7C-B15A7ACE2770}"
EndProject
Project("{F184B08F-C81C-45F6-A57F-5ABD9991F28F}") = "KEJUKJAW00", "KE\KEJUKJAW\KEJUKJAW00\KEJUKJAW00.vbproj", "{897E2DF9-FF14-4449-BF77-F03C5A8E3DD8}"
EndProject
Project("{F184B08F-C81C-45F6-A57F-5ABD9991F28F}") = "KEKESJAW00", "KE\KEKESJAW\KEKESJAW00\KEKESJAW00.vbproj", "{ADAEFDB2-08E7-4BF1-8C94-36D595522CE6}"
EndProject
Project("{F184B08F-C81C-45F6-A57F-5ABD9991F28F}") = "KETAIJAW00", "KE\KETAIJAW\KETAIJAW00\KETAIJAW00.vbproj", "{A44033CF-02C7-4A09-BCE6-B27C0298E80F}"
EndProject
Project("{F184B08F-C81C-45F6-A57F-5ABD9991F28F}") = "KERUIJOW00", "KE\KERUIJOW\KERUIJOW00\KERUIJOW00.vbproj", "{CFC783DB-6B26-46CB-BF54-56E068FA66E0}"
EndProject
Project("{F184B08F-C81C-45F6-A57F-5ABD9991F28F}") = "COCOMONC00", "..\..\..\ŠÄŽ‹‚ ‚ñ‚µ‚ñ\‹¤’Ê•”•i\common\COCOMONC00\COCOMONC00.vbproj", "{0B6D8998-8FD4-4AFD-BA2E-DAAFCD73F119}"
EndProject
Project("{F184B08F-C81C-45F6-A57F-5ABD9991F28F}") = "CODATABC00", "..\..\..\ŠÄŽ‹‚ ‚ñ‚µ‚ñ\‹¤’Ê•”•i\common\CODATABC00\CODATABC00.vbproj", "{88DEA65E-D7DF-4137-A00D-20C3E2BEDE36}"
EndProject
Project("{F184B08F-C81C-45F6-A57F-5ABD9991F28F}") = "COCONSTC00", "..\..\..\ŠÄŽ‹‚ ‚ñ‚µ‚ñ\‹¤’Ê•”•i\jpgcommon\COCONSTC00\COCONSTC00.vbproj", "{DF1ECD89-783B-4C1D-8B36-3CF5961CA09E}"
EndProject
Project("{F184B08F-C81C-45F6-A57F-5ABD9991F28F}") = "BTFAXJAW00", "BT\BTFAXJAW\BTFAXJAW00\BTFAXJAW00.vbproj", "{BE12FF91-351F-4AD0-9C8B-0AB0E411ABF5}"
EndProject
Project("{F184B08F-C81C-45F6-A57F-5ABD9991F28F}") = "SYHANJAW00", "SY\SYHANJAW\SYHANJAW00\SYHANJAW00.vbproj", "{C15A3106-90B0-4600-A6A1-1B35804BC247}"
EndProject
Project("{F184B08F-C81C-45F6-A57F-5ABD9991F28F}") = "SDSYUJAW00", "SD\SDSYUJAW\SDSYUJAW00\SDSYUJAW00.vbproj", "{83B97EF8-24E0-4B2E-A872-D648D3845908}"
EndProject
Project("{F184B08F-C81C-45F6-A57F-5ABD9991F28F}") = "SYDIKJAW00", "SY\SYDIKJAW\SYDIKJAW00\SYDIKJAW00.vbproj", "{06F630F8-0058-4B79-93E4-443A81D9A90F}"
EndProject
Project("{F184B08F-C81C-45F6-A57F-5ABD9991F28F}") = "KEFAXJAW00", "KE\KEFAXJAW\KEFAXJAW00\KEFAXJAW00.vbproj", "{7662B194-E452-4720-B9BB-EB0F1373390F}"
EndProject
Project("{F184B08F-C81C-45F6-A57F-5ABD9991F28F}") = "KETAISYW00", "KE\KETAISYW\KETAISYW00\KETAISYW00.vbproj", "{CC892B7C-3F03-44F6-A106-6FDE63BC91C3}"
EndProject
Project("{F184B08F-C81C-45F6-A57F-5ABD9991F28F}") = "SYGETJAW00", "SY\SYGETJAW\SYGETJAW00\SYGETJAW00.vbproj", "{D6D516C6-4BC5-4AC0-BF2D-0FD0B1FCF115}"
EndProject
Project("{F184B08F-C81C-45F6-A57F-5ABD9991F28F}") = "MSTAJJAW00", "MS\MSTAJJAW\MSTAJJAW00\MSTAJJAW00.vbproj", "{6CD6E019-CDD1-4DD1-A49B-3B7B287FBE37}"
EndProject
Project("{F184B08F-C81C-45F6-A57F-5ABD9991F28F}") = "KEKANSYW00", "KE\KEKANSYW\KEKANSYW00\KEKANSYW00.vbproj", "{1EA5D262-7E68-4F42-AE31-D117938ACD02}"
EndProject
Project("{F184B08F-C81C-45F6-A57F-5ABD9991F28F}") = "MSTAEJAW00", "MS\MSTAEJAW\MSTAEJAW00\MSTAEJAW00.vbproj", "{84AE561C-074D-48F2-88D0-067B4ED9EFC4}"
EndProject
Project("{F184B08F-C81C-45F6-A57F-5ABD9991F28F}") = "BTRUIJAW00", "BT\BTRUIJAW\BTRUIJAW00\BTRUIJAW00.vbproj", "{E49FA1B5-E5D3-4872-863E-54D4EAAB9919}"
EndProject
Project("{F184B08F-C81C-45F6-A57F-5ABD9991F28F}") = "BTFAXJBW00", "BT\BTFAXJBW\BTFAXJBW00\BTFAXJBW00.vbproj", "{AE10EF89-8A5A-40BF-9B1C-33466B03C2F8}"
EndProject
Project("{F184B08F-C81C-45F6-A57F-5ABD9991F28F}") = "BTFAXJCW00", "BT\BTFAXJCW\BTFAXJCW00\BTFAXJCW00.vbproj", "{9E8509DE-8A46-4702-BD99-3D65A7D10AF8}"
EndProject
Project("{F184B08F-C81C-45F6-A57F-5ABD9991F28F}") = "MSKYOJAW00", "MS\MSKYOJAW\MSKYOJAW00\MSKYOJAW00.vbproj", "{1F8221FE-6DAC-4936-82DD-BFACD1443DF3}"
EndProject
Project("{F184B08F-C81C-45F6-A57F-5ABD9991F28F}") = "MSTAKJAW00", "MS\MSTAKJAW\MSTAKJAW00\MSTAKJAW00.vbproj", "{F47B01B1-A5E2-4044-B245-69FAD7CC9A5A}"
EndProject
Project("{F184B08F-C81C-45F6-A57F-5ABD9991F28F}") = "MSRUIJAW00", "MS\MSRUIJAW\MSRUIJAW00\MSRUIJAW00.vbproj", "{5FCB760A-AC14-4687-A030-33E9A3749B09}"
EndProject
Project("{F184B08F-C81C-45F6-A57F-5ABD9991F28F}") = "MSTALJAW00", "MS\MSTALJAW\MSTALJAW00\MSTALJAW00.vbproj", "{B6BAF112-A32D-4C2B-90CC-2F29EA0D5557}"
EndProject
Project("{F184B08F-C81C-45F6-A57F-5ABD9991F28F}") = "MSJINJAW00", "MS\MSJINJAW\MSJINJAW00\MSJINJAW00.vbproj", "{482FFFDE-EBB0-48EA-B363-61698905138A}"
EndProject
Project("{F184B08F-C81C-45F6-A57F-5ABD9991F28F}") = "MSJIGJAW00", "MS\MSJIGJAW\MSJIGJAW00\MSJIGJAW00.vbproj", "{EBF843F5-10C8-455C-8EB9-22BB5E6AACE7}"
EndProject
Project("{F184B08F-C81C-45F6-A57F-5ABD9991F28F}") = "MSJAGJAW00", "MS\MSJAGJAW\MSJAGJAW00\MSJAGJAW00.vbproj", "{6CDBC429-5F01-4538-87E2-9B0E9F68AC14}"
EndProject
Project("{F184B08F-C81C-45F6-A57F-5ABD9991F28F}") = "MSHAGJAW00", "MS\MSHAGJAW\MSHAGJAW00\MSHAGJAW00.vbproj", "{4D6F9A86-8977-4069-9A3F-EA74688C6873}"
EndProject
Project("{F184B08F-C81C-45F6-A57F-5ABD9991F28F}") = "BTFAXJDW00", "BT\BTFAXJDW\BTFAXJDW00\BTFAXJDW00.vbproj", "{9B41044B-A8AD-4738-9ABA-7F205C3BCE6B}"
EndProject
Project("{F184B08F-C81C-45F6-A57F-5ABD9991F28F}") = "MSTAGJAW00", "MS\MSTAGJAW\MSTAGJAW00\MSTAGJAW00.vbproj", "{B3A131B4-49D9-48C7-B451-A3436CB73935}"
EndProject
Project("{F184B08F-C81C-45F6-A57F-5ABD9991F28F}") = "MSTAHJAW00", "MS\MSTAHJAW\MSTAHJAW00\MSTAHJAW00.vbproj", "{26E59137-0A8E-424B-BCF3-F95BF5466975}"
EndProject
Project("{F184B08F-C81C-45F6-A57F-5ABD9991F28F}") = "BTFAXJEW00", "BT\BTFAXJEW\BTFAXJEW00\BTFAXJEW00.vbproj", "{6DDEE782-6368-44E6-AD4E-1D8EBCF009CE}"
EndProject
Project("{F184B08F-C81C-45F6-A57F-5ABD9991F28F}") = "MSKOSJAW00", "MS\MSKOSJAW\MSKOSJAW00\MSKOSJAW00.vbproj", "{DE229EC8-3646-4AF8-BEB4-04A16BF6D65F}"
EndProject
Project("{F184B08F-C81C-45F6-A57F-5ABD9991F28F}") = "SBMEIJAW00", "SB\SBMEIJAW\SBMEIJAW00\SBMEIJAW00.vbproj", "{4C81FCDB-B34D-42A1-BE19-22FC76AFB823}"
EndProject
Project("{F184B08F-C81C-45F6-A57F-5ABD9991F28F}") = "SBMEOJAW00", "SB\SBMEOJAW\SBMEOJAW00\SBMEOJAW00.vbproj", "{B00D517C-8151-4F3B-A359-473A91EE7038}"
EndProject
Project("{F184B08F-C81C-45F6-A57F-5ABD9991F28F}") = "MSHATJAW00", "MS\MSHATJAW\MSHATJAW00\MSHATJAW00.vbproj", "{47053C73-BC81-449F-BB95-76B963671BBE}"
EndProject
Project("{F184B08F-C81C-45F6-A57F-5ABD9991F28F}") = "KESAIJAW00", "KE\KESAIJAW\KESAIJAW00\KESAIJAW00.vbproj", "{6C260014-AE61-4E80-87B0-3C7B923B8BF0}"
EndProject
Global
	GlobalSection(SolutionConfigurationPlatforms) = preSolution
		Debug|Any CPU = Debug|Any CPU
		Release|Any CPU = Release|Any CPU
	EndGlobalSection
	GlobalSection(ProjectConfigurationPlatforms) = postSolution
		{981C1B18-887E-4730-A095-4F17ACA0DF2D}.Debug|Any CPU.ActiveCfg = Debug|Any CPU
		{981C1B18-887E-4730-A095-4F17ACA0DF2D}.Debug|Any CPU.Build.0 = Debug|Any CPU
		{981C1B18-887E-4730-A095-4F17ACA0DF2D}.Release|Any CPU.ActiveCfg = Release|Any CPU
		{981C1B18-887E-4730-A095-4F17ACA0DF2D}.Release|Any CPU.Build.0 = Release|Any CPU
		{5FA12DE8-DF87-448A-8C34-7178A6756AD9}.Debug|Any CPU.ActiveCfg = Debug|Any CPU
		{5FA12DE8-DF87-448A-8C34-7178A6756AD9}.Debug|Any CPU.Build.0 = Debug|Any CPU
		{5FA12DE8-DF87-448A-8C34-7178A6756AD9}.Release|Any CPU.ActiveCfg = Release|Any CPU
		{5FA12DE8-DF87-448A-8C34-7178A6756AD9}.Release|Any CPU.Build.0 = Release|Any CPU
		{518986AA-0FEF-4636-A265-5199496450B6}.Debug|Any CPU.ActiveCfg = Debug|Any CPU
		{518986AA-0FEF-4636-A265-5199496450B6}.Debug|Any CPU.Build.0 = Debug|Any CPU
		{518986AA-0FEF-4636-A265-5199496450B6}.Release|Any CPU.ActiveCfg = Release|Any CPU
		{518986AA-0FEF-4636-A265-5199496450B6}.Release|Any CPU.Build.0 = Release|Any CPU
		{F451C13E-6550-499D-9C7C-B15A7ACE2770}.Debug|Any CPU.ActiveCfg = Debug|Any CPU
		{F451C13E-6550-499D-9C7C-B15A7ACE2770}.Debug|Any CPU.Build.0 = Debug|Any CPU
		{F451C13E-6550-499D-9C7C-B15A7ACE2770}.Release|Any CPU.ActiveCfg = Release|Any CPU
		{F451C13E-6550-499D-9C7C-B15A7ACE2770}.Release|Any CPU.Build.0 = Release|Any CPU
		{897E2DF9-FF14-4449-BF77-F03C5A8E3DD8}.Debug|Any CPU.ActiveCfg = Debug|Any CPU
		{897E2DF9-FF14-4449-BF77-F03C5A8E3DD8}.Debug|Any CPU.Build.0 = Debug|Any CPU
		{897E2DF9-FF14-4449-BF77-F03C5A8E3DD8}.Release|Any CPU.ActiveCfg = Release|Any CPU
		{897E2DF9-FF14-4449-BF77-F03C5A8E3DD8}.Release|Any CPU.Build.0 = Release|Any CPU
		{ADAEFDB2-08E7-4BF1-8C94-36D595522CE6}.Debug|Any CPU.ActiveCfg = Debug|Any CPU
		{ADAEFDB2-08E7-4BF1-8C94-36D595522CE6}.Debug|Any CPU.Build.0 = Debug|Any CPU
		{ADAEFDB2-08E7-4BF1-8C94-36D595522CE6}.Release|Any CPU.ActiveCfg = Release|Any CPU
		{ADAEFDB2-08E7-4BF1-8C94-36D595522CE6}.Release|Any CPU.Build.0 = Release|Any CPU
		{A44033CF-02C7-4A09-BCE6-B27C0298E80F}.Debug|Any CPU.ActiveCfg = Debug|Any CPU
		{A44033CF-02C7-4A09-BCE6-B27C0298E80F}.Debug|Any CPU.Build.0 = Debug|Any CPU
		{A44033CF-02C7-4A09-BCE6-B27C0298E80F}.Release|Any CPU.ActiveCfg = Release|Any CPU
		{A44033CF-02C7-4A09-BCE6-B27C0298E80F}.Release|Any CPU.Build.0 = Release|Any CPU
		{CFC783DB-6B26-46CB-BF54-56E068FA66E0}.Debug|Any CPU.ActiveCfg = Debug|Any CPU
		{CFC783DB-6B26-46CB-BF54-56E068FA66E0}.Debug|Any CPU.Build.0 = Debug|Any CPU
		{CFC783DB-6B26-46CB-BF54-56E068FA66E0}.Release|Any CPU.ActiveCfg = Release|Any CPU
		{CFC783DB-6B26-46CB-BF54-56E068FA66E0}.Release|Any CPU.Build.0 = Release|Any CPU
		{0B6D8998-8FD4-4AFD-BA2E-DAAFCD73F119}.Debug|Any CPU.ActiveCfg = Debug|Any CPU
		{0B6D8998-8FD4-4AFD-BA2E-DAAFCD73F119}.Debug|Any CPU.Build.0 = Debug|Any CPU
		{0B6D8998-8FD4-4AFD-BA2E-DAAFCD73F119}.Release|Any CPU.ActiveCfg = Release|Any CPU
		{0B6D8998-8FD4-4AFD-BA2E-DAAFCD73F119}.Release|Any CPU.Build.0 = Release|Any CPU
		{88DEA65E-D7DF-4137-A00D-20C3E2BEDE36}.Debug|Any CPU.ActiveCfg = Debug|Any CPU
		{88DEA65E-D7DF-4137-A00D-20C3E2BEDE36}.Debug|Any CPU.Build.0 = Debug|Any CPU
		{88DEA65E-D7DF-4137-A00D-20C3E2BEDE36}.Release|Any CPU.ActiveCfg = Release|Any CPU
		{88DEA65E-D7DF-4137-A00D-20C3E2BEDE36}.Release|Any CPU.Build.0 = Release|Any CPU
		{DF1ECD89-783B-4C1D-8B36-3CF5961CA09E}.Debug|Any CPU.ActiveCfg = Debug|Any CPU
		{DF1ECD89-783B-4C1D-8B36-3CF5961CA09E}.Debug|Any CPU.Build.0 = Debug|Any CPU
		{DF1ECD89-783B-4C1D-8B36-3CF5961CA09E}.Release|Any CPU.ActiveCfg = Release|Any CPU
		{DF1ECD89-783B-4C1D-8B36-3CF5961CA09E}.Release|Any CPU.Build.0 = Release|Any CPU
		{BE12FF91-351F-4AD0-9C8B-0AB0E411ABF5}.Debug|Any CPU.ActiveCfg = Debug|Any CPU
		{BE12FF91-351F-4AD0-9C8B-0AB0E411ABF5}.Debug|Any CPU.Build.0 = Debug|Any CPU
		{BE12FF91-351F-4AD0-9C8B-0AB0E411ABF5}.Release|Any CPU.ActiveCfg = Release|Any CPU
		{BE12FF91-351F-4AD0-9C8B-0AB0E411ABF5}.Release|Any CPU.Build.0 = Release|Any CPU
		{C15A3106-90B0-4600-A6A1-1B35804BC247}.Debug|Any CPU.ActiveCfg = Debug|Any CPU
		{C15A3106-90B0-4600-A6A1-1B35804BC247}.Debug|Any CPU.Build.0 = Debug|Any CPU
		{C15A3106-90B0-4600-A6A1-1B35804BC247}.Release|Any CPU.ActiveCfg = Release|Any CPU
		{C15A3106-90B0-4600-A6A1-1B35804BC247}.Release|Any CPU.Build.0 = Release|Any CPU
		{83B97EF8-24E0-4B2E-A872-D648D3845908}.Debug|Any CPU.ActiveCfg = Debug|Any CPU
		{83B97EF8-24E0-4B2E-A872-D648D3845908}.Debug|Any CPU.Build.0 = Debug|Any CPU
		{83B97EF8-24E0-4B2E-A872-D648D3845908}.Release|Any CPU.ActiveCfg = Release|Any CPU
		{83B97EF8-24E0-4B2E-A872-D648D3845908}.Release|Any CPU.Build.0 = Release|Any CPU
		{06F630F8-0058-4B79-93E4-443A81D9A90F}.Debug|Any CPU.ActiveCfg = Debug|Any CPU
		{06F630F8-0058-4B79-93E4-443A81D9A90F}.Debug|Any CPU.Build.0 = Debug|Any CPU
		{06F630F8-0058-4B79-93E4-443A81D9A90F}.Release|Any CPU.ActiveCfg = Release|Any CPU
		{06F630F8-0058-4B79-93E4-443A81D9A90F}.Release|Any CPU.Build.0 = Release|Any CPU
		{7662B194-E452-4720-B9BB-EB0F1373390F}.Debug|Any CPU.ActiveCfg = Debug|Any CPU
		{7662B194-E452-4720-B9BB-EB0F1373390F}.Debug|Any CPU.Build.0 = Debug|Any CPU
		{7662B194-E452-4720-B9BB-EB0F1373390F}.Release|Any CPU.ActiveCfg = Release|Any CPU
		{7662B194-E452-4720-B9BB-EB0F1373390F}.Release|Any CPU.Build.0 = Release|Any CPU
		{CC892B7C-3F03-44F6-A106-6FDE63BC91C3}.Debug|Any CPU.ActiveCfg = Debug|Any CPU
		{CC892B7C-3F03-44F6-A106-6FDE63BC91C3}.Debug|Any CPU.Build.0 = Debug|Any CPU
		{CC892B7C-3F03-44F6-A106-6FDE63BC91C3}.Release|Any CPU.ActiveCfg = Release|Any CPU
		{CC892B7C-3F03-44F6-A106-6FDE63BC91C3}.Release|Any CPU.Build.0 = Release|Any CPU
		{D6D516C6-4BC5-4AC0-BF2D-0FD0B1FCF115}.Debug|Any CPU.ActiveCfg = Debug|Any CPU
		{D6D516C6-4BC5-4AC0-BF2D-0FD0B1FCF115}.Debug|Any CPU.Build.0 = Debug|Any CPU
		{D6D516C6-4BC5-4AC0-BF2D-0FD0B1FCF115}.Release|Any CPU.ActiveCfg = Release|Any CPU
		{D6D516C6-4BC5-4AC0-BF2D-0FD0B1FCF115}.Release|Any CPU.Build.0 = Release|Any CPU
		{6CD6E019-CDD1-4DD1-A49B-3B7B287FBE37}.Debug|Any CPU.ActiveCfg = Debug|Any CPU
		{6CD6E019-CDD1-4DD1-A49B-3B7B287FBE37}.Debug|Any CPU.Build.0 = Debug|Any CPU
		{6CD6E019-CDD1-4DD1-A49B-3B7B287FBE37}.Release|Any CPU.ActiveCfg = Release|Any CPU
		{6CD6E019-CDD1-4DD1-A49B-3B7B287FBE37}.Release|Any CPU.Build.0 = Release|Any CPU
		{1EA5D262-7E68-4F42-AE31-D117938ACD02}.Debug|Any CPU.ActiveCfg = Debug|Any CPU
		{1EA5D262-7E68-4F42-AE31-D117938ACD02}.Debug|Any CPU.Build.0 = Debug|Any CPU
		{1EA5D262-7E68-4F42-AE31-D117938ACD02}.Release|Any CPU.ActiveCfg = Release|Any CPU
		{1EA5D262-7E68-4F42-AE31-D117938ACD02}.Release|Any CPU.Build.0 = Release|Any CPU
		{84AE561C-074D-48F2-88D0-067B4ED9EFC4}.Debug|Any CPU.ActiveCfg = Debug|Any CPU
		{84AE561C-074D-48F2-88D0-067B4ED9EFC4}.Debug|Any CPU.Build.0 = Debug|Any CPU
		{84AE561C-074D-48F2-88D0-067B4ED9EFC4}.Release|Any CPU.ActiveCfg = Release|Any CPU
		{84AE561C-074D-48F2-88D0-067B4ED9EFC4}.Release|Any CPU.Build.0 = Release|Any CPU
		{E49FA1B5-E5D3-4872-863E-54D4EAAB9919}.Debug|Any CPU.ActiveCfg = Debug|Any CPU
		{E49FA1B5-E5D3-4872-863E-54D4EAAB9919}.Debug|Any CPU.Build.0 = Debug|Any CPU
		{E49FA1B5-E5D3-4872-863E-54D4EAAB9919}.Release|Any CPU.ActiveCfg = Release|Any CPU
		{E49FA1B5-E5D3-4872-863E-54D4EAAB9919}.Release|Any CPU.Build.0 = Release|Any CPU
		{AE10EF89-8A5A-40BF-9B1C-33466B03C2F8}.Debug|Any CPU.ActiveCfg = Debug|Any CPU
		{AE10EF89-8A5A-40BF-9B1C-33466B03C2F8}.Debug|Any CPU.Build.0 = Debug|Any CPU
		{AE10EF89-8A5A-40BF-9B1C-33466B03C2F8}.Release|Any CPU.ActiveCfg = Release|Any CPU
		{AE10EF89-8A5A-40BF-9B1C-33466B03C2F8}.Release|Any CPU.Build.0 = Release|Any CPU
		{9E8509DE-8A46-4702-BD99-3D65A7D10AF8}.Debug|Any CPU.ActiveCfg = Debug|Any CPU
		{9E8509DE-8A46-4702-BD99-3D65A7D10AF8}.Debug|Any CPU.Build.0 = Debug|Any CPU
		{9E8509DE-8A46-4702-BD99-3D65A7D10AF8}.Release|Any CPU.ActiveCfg = Release|Any CPU
		{9E8509DE-8A46-4702-BD99-3D65A7D10AF8}.Release|Any CPU.Build.0 = Release|Any CPU
		{1F8221FE-6DAC-4936-82DD-BFACD1443DF3}.Debug|Any CPU.ActiveCfg = Debug|Any CPU
		{1F8221FE-6DAC-4936-82DD-BFACD1443DF3}.Debug|Any CPU.Build.0 = Debug|Any CPU
		{1F8221FE-6DAC-4936-82DD-BFACD1443DF3}.Release|Any CPU.ActiveCfg = Release|Any CPU
		{1F8221FE-6DAC-4936-82DD-BFACD1443DF3}.Release|Any CPU.Build.0 = Release|Any CPU
		{F47B01B1-A5E2-4044-B245-69FAD7CC9A5A}.Debug|Any CPU.ActiveCfg = Debug|Any CPU
		{F47B01B1-A5E2-4044-B245-69FAD7CC9A5A}.Debug|Any CPU.Build.0 = Debug|Any CPU
		{F47B01B1-A5E2-4044-B245-69FAD7CC9A5A}.Release|Any CPU.ActiveCfg = Release|Any CPU
		{F47B01B1-A5E2-4044-B245-69FAD7CC9A5A}.Release|Any CPU.Build.0 = Release|Any CPU
		{5FCB760A-AC14-4687-A030-33E9A3749B09}.Debug|Any CPU.ActiveCfg = Debug|Any CPU
		{5FCB760A-AC14-4687-A030-33E9A3749B09}.Debug|Any CPU.Build.0 = Debug|Any CPU
		{5FCB760A-AC14-4687-A030-33E9A3749B09}.Release|Any CPU.ActiveCfg = Release|Any CPU
		{5FCB760A-AC14-4687-A030-33E9A3749B09}.Release|Any CPU.Build.0 = Release|Any CPU
		{B6BAF112-A32D-4C2B-90CC-2F29EA0D5557}.Debug|Any CPU.ActiveCfg = Debug|Any CPU
		{B6BAF112-A32D-4C2B-90CC-2F29EA0D5557}.Debug|Any CPU.Build.0 = Debug|Any CPU
		{B6BAF112-A32D-4C2B-90CC-2F29EA0D5557}.Release|Any CPU.ActiveCfg = Release|Any CPU
		{B6BAF112-A32D-4C2B-90CC-2F29EA0D5557}.Release|Any CPU.Build.0 = Release|Any CPU
		{482FFFDE-EBB0-48EA-B363-61698905138A}.Debug|Any CPU.ActiveCfg = Debug|Any CPU
		{482FFFDE-EBB0-48EA-B363-61698905138A}.Debug|Any CPU.Build.0 = Debug|Any CPU
		{482FFFDE-EBB0-48EA-B363-61698905138A}.Release|Any CPU.ActiveCfg = Release|Any CPU
		{482FFFDE-EBB0-48EA-B363-61698905138A}.Release|Any CPU.Build.0 = Release|Any CPU
		{EBF843F5-10C8-455C-8EB9-22BB5E6AACE7}.Debug|Any CPU.ActiveCfg = Debug|Any CPU
		{EBF843F5-10C8-455C-8EB9-22BB5E6AACE7}.Debug|Any CPU.Build.0 = Debug|Any CPU
		{EBF843F5-10C8-455C-8EB9-22BB5E6AACE7}.Release|Any CPU.ActiveCfg = Release|Any CPU
		{EBF843F5-10C8-455C-8EB9-22BB5E6AACE7}.Release|Any CPU.Build.0 = Release|Any CPU
		{6CDBC429-5F01-4538-87E2-9B0E9F68AC14}.Debug|Any CPU.ActiveCfg = Debug|Any CPU
		{6CDBC429-5F01-4538-87E2-9B0E9F68AC14}.Debug|Any CPU.Build.0 = Debug|Any CPU
		{6CDBC429-5F01-4538-87E2-9B0E9F68AC14}.Release|Any CPU.ActiveCfg = Release|Any CPU
		{6CDBC429-5F01-4538-87E2-9B0E9F68AC14}.Release|Any CPU.Build.0 = Release|Any CPU
		{4D6F9A86-8977-4069-9A3F-EA74688C6873}.Debug|Any CPU.ActiveCfg = Debug|Any CPU
		{4D6F9A86-8977-4069-9A3F-EA74688C6873}.Debug|Any CPU.Build.0 = Debug|Any CPU
		{4D6F9A86-8977-4069-9A3F-EA74688C6873}.Release|Any CPU.ActiveCfg = Release|Any CPU
		{4D6F9A86-8977-4069-9A3F-EA74688C6873}.Release|Any CPU.Build.0 = Release|Any CPU
		{9B41044B-A8AD-4738-9ABA-7F205C3BCE6B}.Debug|Any CPU.ActiveCfg = Debug|Any CPU
		{9B41044B-A8AD-4738-9ABA-7F205C3BCE6B}.Debug|Any CPU.Build.0 = Debug|Any CPU
		{9B41044B-A8AD-4738-9ABA-7F205C3BCE6B}.Release|Any CPU.ActiveCfg = Release|Any CPU
		{9B41044B-A8AD-4738-9ABA-7F205C3BCE6B}.Release|Any CPU.Build.0 = Release|Any CPU
		{B3A131B4-49D9-48C7-B451-A3436CB73935}.Debug|Any CPU.ActiveCfg = Debug|Any CPU
		{B3A131B4-49D9-48C7-B451-A3436CB73935}.Debug|Any CPU.Build.0 = Debug|Any CPU
		{B3A131B4-49D9-48C7-B451-A3436CB73935}.Release|Any CPU.ActiveCfg = Release|Any CPU
		{B3A131B4-49D9-48C7-B451-A3436CB73935}.Release|Any CPU.Build.0 = Release|Any CPU
		{26E59137-0A8E-424B-BCF3-F95BF5466975}.Debug|Any CPU.ActiveCfg = Debug|Any CPU
		{26E59137-0A8E-424B-BCF3-F95BF5466975}.Debug|Any CPU.Build.0 = Debug|Any CPU
		{26E59137-0A8E-424B-BCF3-F95BF5466975}.Release|Any CPU.ActiveCfg = Release|Any CPU
		{26E59137-0A8E-424B-BCF3-F95BF5466975}.Release|Any CPU.Build.0 = Release|Any CPU
		{6DDEE782-6368-44E6-AD4E-1D8EBCF009CE}.Debug|Any CPU.ActiveCfg = Debug|Any CPU
		{6DDEE782-6368-44E6-AD4E-1D8EBCF009CE}.Debug|Any CPU.Build.0 = Debug|Any CPU
		{6DDEE782-6368-44E6-AD4E-1D8EBCF009CE}.Release|Any CPU.ActiveCfg = Release|Any CPU
		{6DDEE782-6368-44E6-AD4E-1D8EBCF009CE}.Release|Any CPU.Build.0 = Release|Any CPU
		{DE229EC8-3646-4AF8-BEB4-04A16BF6D65F}.Debug|Any CPU.ActiveCfg = Debug|Any CPU
		{DE229EC8-3646-4AF8-BEB4-04A16BF6D65F}.Debug|Any CPU.Build.0 = Debug|Any CPU
		{DE229EC8-3646-4AF8-BEB4-04A16BF6D65F}.Release|Any CPU.ActiveCfg = Release|Any CPU
		{DE229EC8-3646-4AF8-BEB4-04A16BF6D65F}.Release|Any CPU.Build.0 = Release|Any CPU
		{4C81FCDB-B34D-42A1-BE19-22FC76AFB823}.Debug|Any CPU.ActiveCfg = Debug|Any CPU
		{4C81FCDB-B34D-42A1-BE19-22FC76AFB823}.Debug|Any CPU.Build.0 = Debug|Any CPU
		{4C81FCDB-B34D-42A1-BE19-22FC76AFB823}.Release|Any CPU.ActiveCfg = Release|Any CPU
		{4C81FCDB-B34D-42A1-BE19-22FC76AFB823}.Release|Any CPU.Build.0 = Release|Any CPU
		{B00D517C-8151-4F3B-A359-473A91EE7038}.Debug|Any CPU.ActiveCfg = Debug|Any CPU
		{B00D517C-8151-4F3B-A359-473A91EE7038}.Debug|Any CPU.Build.0 = Debug|Any CPU
		{B00D517C-8151-4F3B-A359-473A91EE7038}.Release|Any CPU.ActiveCfg = Release|Any CPU
		{B00D517C-8151-4F3B-A359-473A91EE7038}.Release|Any CPU.Build.0 = Release|Any CPU
		{47053C73-BC81-449F-BB95-76B963671BBE}.Debug|Any CPU.ActiveCfg = Debug|Any CPU
		{47053C73-BC81-449F-BB95-76B963671BBE}.Debug|Any CPU.Build.0 = Debug|Any CPU
		{47053C73-BC81-449F-BB95-76B963671BBE}.Release|Any CPU.ActiveCfg = Release|Any CPU
		{47053C73-BC81-449F-BB95-76B963671BBE}.Release|Any CPU.Build.0 = Release|Any CPU
		{6C260014-AE61-4E80-87B0-3C7B923B8BF0}.Debug|Any CPU.ActiveCfg = Debug|Any CPU
		{6C260014-AE61-4E80-87B0-3C7B923B8BF0}.Debug|Any CPU.Build.0 = Debug|Any CPU
		{6C260014-AE61-4E80-87B0-3C7B923B8BF0}.Release|Any CPU.ActiveCfg = Release|Any CPU
		{6C260014-AE61-4E80-87B0-3C7B923B8BF0}.Release|Any CPU.Build.0 = Release|Any CPU
	EndGlobalSection
	GlobalSection(SolutionProperties) = preSolution
		HideSolutionNode = FALSE
	EndGlobalSection
	GlobalSection(ExtensibilityGlobals) = postSolution
		SolutionGuid = {0727146B-3897-4D22-87B2-8E11174FD884}
	EndGlobalSection
EndGlobal
